
Microsoft Visual Studio Solution File, Format Version 12.00
# Visual Studio Version 17
VisualStudioVersion = 17.7.34031.279
MinimumVisualStudioVersion = 10.0.40219.1
Project("{2150E333-8FDC-42A3-9474-1A3956D46DE8}") = "1-APP", "1-APP", "{B756B308-A0E0-48F3-AF03-530BA413E4F8}"
EndProject
Project("{2150E333-8FDC-42A3-9474-1A3956D46DE8}") = "2-BLL", "2-BLL", "{49B7787B-BBFE-43B4-975D-EE74BE72F48D}"
EndProject
Project("{2150E333-8FDC-42A3-9474-1A3956D46DE8}") = "3-DAL", "3-DAL", "{DECC5B83-B655-4586-814D-664AC4D62F32}"
EndProject
Project("{FAE04EC0-301F-11D3-BF4B-00C04F79EFBC}") = "Application", "Application\Application.csproj", "{053A65DD-B605-4222-B0A5-C6583A2D2C4B}"
EndProject
Project("{FAE04EC0-301F-11D3-BF4B-00C04F79EFBC}") = "Data", "Data\Data.csproj", "{C7B23EC1-E799-4438-A6B6-6CA62E5C6040}"
EndProject
Project("{FAE04EC0-301F-11D3-BF4B-00C04F79EFBC}") = "Domain", "Domain\Domain.csproj", "{3953E20A-A723-4DD3-8658-0E00DCF7466B}"
EndProject
Global
	GlobalSection(SolutionConfigurationPlatforms) = preSolution
		Debug|Any CPU = Debug|Any CPU
		Release|Any CPU = Release|Any CPU
	EndGlobalSection
	GlobalSection(ProjectConfigurationPlatforms) = postSolution
		{053A65DD-B605-4222-B0A5-C6583A2D2C4B}.Debug|Any CPU.ActiveCfg = Debug|Any CPU
		{053A65DD-B605-4222-B0A5-C6583A2D2C4B}.Debug|Any CPU.Build.0 = Debug|Any CPU
		{053A65DD-B605-4222-B0A5-C6583A2D2C4B}.Release|Any CPU.ActiveCfg = Release|Any CPU
		{053A65DD-B605-4222-B0A5-C6583A2D2C4B}.Release|Any CPU.Build.0 = Release|Any CPU
		{C7B23EC1-E799-4438-A6B6-6CA62E5C6040}.Debug|Any CPU.ActiveCfg = Debug|Any CPU
		{C7B23EC1-E799-4438-A6B6-6CA62E5C6040}.Debug|Any CPU.Build.0 = Debug|Any CPU
		{C7B23EC1-E799-4438-A6B6-6CA62E5C6040}.Release|Any CPU.ActiveCfg = Release|Any CPU
		{C7B23EC1-E799-4438-A6B6-6CA62E5C6040}.Release|Any CPU.Build.0 = Release|Any CPU
		{3953E20A-A723-4DD3-8658-0E00DCF7466B}.Debug|Any CPU.ActiveCfg = Debug|Any CPU
		{3953E20A-A723-4DD3-8658-0E00DCF7466B}.Debug|Any CPU.Build.0 = Debug|Any CPU
		{3953E20A-A723-4DD3-8658-0E00DCF7466B}.Release|Any CPU.ActiveCfg = Release|Any CPU
		{3953E20A-A723-4DD3-8658-0E00DCF7466B}.Release|Any CPU.Build.0 = Release|Any CPU
	EndGlobalSection
	GlobalSection(SolutionProperties) = preSolution
		HideSolutionNode = FALSE
	EndGlobalSection
	GlobalSection(NestedProjects) = preSolution
		{053A65DD-B605-4222-B0A5-C6583A2D2C4B} = {B756B308-A0E0-48F3-AF03-530BA413E4F8}
		{C7B23EC1-E799-4438-A6B6-6CA62E5C6040} = {DECC5B83-B655-4586-814D-664AC4D62F32}
		{3953E20A-A723-4DD3-8658-0E00DCF7466B} = {49B7787B-BBFE-43B4-975D-EE74BE72F48D}
	EndGlobalSection
	GlobalSection(ExtensibilityGlobals) = postSolution
		SolutionGuid = {918B8D67-385C-413C-9973-C41594AE8EF7}
	EndGlobalSection
EndGlobal
